// !$*UTF8*$!
{
	archiveVersion = 1;
	classes = {
	};
	objectVersion = 55;
	objects = {

/* Begin PBXBuildFile section */
		FCD2C6CC2FDA689800253CE5 /* RAM_DownloaderApp.swift in Sources */ = {isa = PBXBuildFile; fileRef = FCD2C6CB2FDA689800253CE5 /* RAM_DownloaderApp.swift */; };
		FCD2C6CE2FDA689800253CE5 /* ContentView.swift in Sources */ = {isa = PBXBuildFile; fileRef = FCD2C6CD2FDA689800253CE5 /* ContentView.swift */; };
		FCD2C6D02FDA68A100253CE5 /* Assets.xcassets in Resources */ = {isa = PBXBuildFile; fileRef = FCD2C6CF2FDA68A100253CE5 /* Assets.xcassets */; };
		FCD2C6D32FDA68A100253CE5 /* Preview Assets.xcassets in Resources */ = {isa = PBXBuildFile; fileRef = FCD2C6D22FDA68A100253CE5 /* Preview Assets.xcassets */; };
		FCD2C6F62FDA68D800253CE5 /* RAMDownloadViewModel.swift in Sources */ = {isa = PBXBuildFile; fileRef = FCD2C6F52FDA68D800253CE5 /* RAMDownloadViewModel.swift */; };
/* End PBXBuildFile section */

/* Begin PBXContainerItemProxy section */
		FCD2C6D92FDA68A100253CE5 /* PBXContainerItemProxy */ = {
			isa = PBXContainerItemProxy;
			containerPortal = FCD2C6C02FDA689800253CE5 /* Project object */;
			proxyType = 1;
			remoteGlobalIDString = FCD2C6C72FDA689800253CE5;
			remoteInfo = "RAM Downloader";
		};
		FCD2C6E32FDA68A200253CE5 /* PBXContainerItemProxy */ = {
			isa = PBXContainerItemProxy;
			containerPortal = FCD2C6C02FDA689800253CE5 /* Project object */;
			proxyType = 1;
			remoteGlobalIDString = FCD2C6C72FDA689800253CE5;
			remoteInfo = "RAM Downloader";
		};
/* End PBXContainerItemProxy section */

/* Begin PBXFileReference section */
		FCD2C6C82FDA689800253CE5 /* RAM Downloader.app */ = {isa = PBXFileReference; explicitFileType = wrapper.application; includeInIndex = 0; path = "RAM Downloader.app"; sourceTree = BUILT_PRODUCTS_DIR; };
		FCD2C6CB2FDA689800253CE5 /* RAM_DownloaderApp.swift */ = {isa = PBXFileReference; lastKnownFileType = sourcecode.swift; path = RAM_DownloaderApp.swift; sourceTree = "<group>"; };
		FCD2C6CD2FDA689800253CE5 /* ContentView.swift */ = {isa = PBXFileReference; lastKnownFileType = sourcecode.swift; path = ContentView.swift; sourceTree = "<group>"; };
		FCD2C6CF2FDA68A100253CE5 /* Assets.xcassets */ = {isa = PBXFileReference; lastKnownFileType = folder.assetcatalog; path = Assets.xcassets; sourceTree = "<group>"; };
		FCD2C6D22FDA68A100253CE5 /* Preview Assets.xcassets */ = {isa = PBXFileReference; lastKnownFileType = folder.assetcatalog; path = "Preview Assets.xcassets"; sourceTree = "<group>"; };
		FCD2C6D82FDA68A100253CE5 /* RAM DownloaderTests.xctest */ = {isa = PBXFileReference; explicitFileType = wrapper.cfbundle; includeInIndex = 0; path = "RAM DownloaderTests.xctest"; sourceTree = BUILT_PRODUCTS_DIR; };
		FCD2C6E22FDA68A200253CE5 /* RAM DownloaderUITests.xctest */ = {isa = PBXFileReference; explicitFileType = wrapper.cfbundle; includeInIndex = 0; path = "RAM DownloaderUITests.xctest"; sourceTree = BUILT_PRODUCTS_DIR; };
		FCD2C6F52FDA68D800253CE5 /* RAMDownloadViewModel.swift */ = {isa = PBXFileReference; lastKnownFileType = sourcecode.swift; path = RAMDownloadViewModel.swift; sourceTree = "<group>"; };
/* End PBXFileReference section */

/* Begin PBXFrameworksBuildPhase section */
		FCD2C6C52FDA689800253CE5 /* Frameworks */ = {
			isa = PBXFrameworksBuildPhase;
			buildActionMask = 2147483647;
			files = (
			);
			runOnlyForDeploymentPostprocessing = 0;
		};
		FCD2C6D52FDA68A100253CE5 /* Frameworks */ = {
			isa = PBXFrameworksBuildPhase;
			buildActionMask = 2147483647;
			files = (
			);
			runOnlyForDeploymentPostprocessing = 0;
		};
		FCD2C6DF2FDA68A200253CE5 /* Frameworks */ = {
			isa = PBXFrameworksBuildPhase;
			buildActionMask = 2147483647;
			files = (
			);
			runOnlyForDeploymentPostprocessing = 0;
		};
/* End PBXFrameworksBuildPhase section */

/* Begin PBXGroup section */
		FCD2C6BF2FDA689800253CE5 = {
			isa = PBXGroup;
			children = (
				FCD2C6CA2FDA689800253CE5 /* RAM Downloader */,
				FCD2C6C92FDA689800253CE5 /* Products */,
			);
			sourceTree = "<group>";
		};
		FCD2C6C92FDA689800253CE5 /* Products */ = {
			isa = PBXGroup;
			children = (
				FCD2C6C82FDA689800253CE5 /* RAM Downloader.app */,
				FCD2C6D82FDA68A100253CE5 /* RAM DownloaderTests.xctest */,
				FCD2C6E22FDA68A200253CE5 /* RAM DownloaderUITests.xctest */,
			);
			name = Products;
			sourceTree = "<group>";
		};
		FCD2C6CA2FDA689800253CE5 /* RAM Downloader */ = {
			isa = PBXGroup;
			children = (
				FCD2C6CB2FDA689800253CE5 /* RAM_DownloaderApp.swift */,
				FCD2C6CD2FDA689800253CE5 /* ContentView.swift */,
				FCD2C6F52FDA68D800253CE5 /* RAMDownloadViewModel.swift */,
				FCD2C6CF2FDA68A100253CE5 /* Assets.xcassets */,
				FCD2C6D12FDA68A100253CE5 /* Preview Content */,
			);
			path = "RAM Downloader";
			sourceTree = "<group>";
		};
		FCD2C6D12FDA68A100253CE5 /* Preview Content */ = {
			isa = PBXGroup;
			children = (
				FCD2C6D22FDA68A100253CE5 /* Preview Assets.xcassets */,
			);
			path = "Preview Content";
			sourceTree = "<group>";
		};
/* End PBXGroup section */

/* Begin PBXNativeTarget section */
		FCD2C6C72FDA689800253CE5 /* RAM Downloader */ = {
			isa = PBXNativeTarget;
			buildConfigurationList = FCD2C6EC2FDA68A200253CE5 /* Build configuration list for PBXNativeTarget "RAM Downloader" */;
			buildPhases = (
				FCD2C6C42FDA689800253CE5 /* Sources */,
				FCD2C6C52FDA689800253CE5 /* Frameworks */,
				FCD2C6C62FDA689800253CE5 /* Resources */,
			);
			buildRules = (
			);
			dependencies = (
			);
			name = "RAM Downloader";
			productName = "RAM Downloader";
			productReference = FCD2C6C82FDA689800253CE5 /* RAM Downloader.app */;
			productType = "com.apple.product-type.application";
		};
		FCD2C6D72FDA68A100253CE5 /* RAM DownloaderTests */ = {
			isa = PBXNativeTarget;
			buildConfigurationList = FCD2C6EF2FDA68A200253CE5 /* Build configuration list for PBXNativeTarget "RAM DownloaderTests" */;
			buildPhases = (
				FCD2C6D42FDA68A100253CE5 /* Sources */,
				FCD2C6D52FDA68A100253CE5 /* Frameworks */,
				FCD2C6D62FDA68A100253CE5 /* Resources */,
			);
			buildRules = (
			);
			dependencies = (
				FCD2C6DA2FDA68A100253CE5 /* PBXTargetDependency */,
			);
			name = "RAM DownloaderTests";
			productName = "RAM DownloaderTests";
			productReference = FCD2C6D82FDA68A100253CE5 /* RAM DownloaderTests.xctest */;
			productType = "com.apple.product-type.bundle.unit-test";
		};
		FCD2C6E12FDA68A200253CE5 /* RAM DownloaderUITests */ = {
			isa = PBXNativeTarget;
			buildConfigurationList = FCD2C6F22FDA68A200253CE5 /* Build configuration list for PBXNativeTarget "RAM DownloaderUITests" */;
			buildPhases = (
				FCD2C6DE2FDA68A200253CE5 /* Sources */,
				FCD2C6DF2FDA68A200253CE5 /* Frameworks */,
				FCD2C6E02FDA68A200253CE5 /* Resources */,
			);
			buildRules = (
			);
			dependencies = (
				FCD2C6E42FDA68A200253CE5 /* PBXTargetDependency */,
			);
			name = "RAM DownloaderUITests";
			productName = "RAM DownloaderUITests";
			productReference = FCD2C6E22FDA68A200253CE5 /* RAM DownloaderUITests.xctest */;
			productType = "com.apple.product-type.bundle.ui-testing";
		};
/* End PBXNativeTarget section */

/* Begin PBXProject section */
		FCD2C6C02FDA689800253CE5 /* Project object */ = {
			isa = PBXProject;
			attributes = {
				BuildIndependentTargetsInParallel = 1;
				LastSwiftUpdateCheck = 1320;
				LastUpgradeCheck = 1320;
				TargetAttributes = {
					FCD2C6C72FDA689800253CE5 = {
						CreatedOnToolsVersion = 13.2.1;
					};
					FCD2C6D72FDA68A100253CE5 = {
						CreatedOnToolsVersion = 13.2.1;
						TestTargetID = FCD2C6C72FDA689800253CE5;
					};
					FCD2C6E12FDA68A200253CE5 = {
						CreatedOnToolsVersion = 13.2.1;
						TestTargetID = FCD2C6C72FDA689800253CE5;
					};
				};
			};
			buildConfigurationList = FCD2C6C32FDA689800253CE5 /* Build configuration list for PBXProject "RAM Downloader" */;
			compatibilityVersion = "Xcode 13.0";
			developmentRegion = en;
			hasScannedForEncodings = 0;
			knownRegions = (
				en,
				Base,
			);
			mainGroup = FCD2C6BF2FDA689800253CE5;
			productRefGroup = FCD2C6C92FDA689800253CE5 /* Products */;
			projectDirPath = "";
			projectRoot = "";
			targets = (
				FCD2C6C72FDA689800253CE5 /* RAM Downloader */,
				FCD2C6D72FDA68A100253CE5 /* RAM DownloaderTests */,
				FCD2C6E12FDA68A200253CE5 /* RAM DownloaderUITests */,
			);
		};
/* End PBXProject section */

/* Begin PBXResourcesBuildPhase section */
		FCD2C6C62FDA689800253CE5 /* Resources */ = {
			isa = PBXResourcesBuildPhase;
			buildActionMask = 2147483647;
			files = (
				FCD2C6D32FDA68A100253CE5 /* Preview Assets.xcassets in Resources */,
				FCD2C6D02FDA68A100253CE5 /* Assets.xcassets in Resources */,
			);
			runOnlyForDeploymentPostprocessing = 0;
		};
		FCD2C6D62FDA68A100253CE5 /* Resources */ = {
			isa = PBXResourcesBuildPhase;
			buildActionMask = 2147483647;
			files = (
			);
			runOnlyForDeploymentPostprocessing = 0;
		};
		FCD2C6E02FDA68A200253CE5 /* Resources */ = {
			isa = PBXResourcesBuildPhase;
			buildActionMask = 2147483647;
			files = (
			);
			runOnlyForDeploymentPostprocessing = 0;
		};
/* End PBXResourcesBuildPhase section */

/* Begin PBXSourcesBuildPhase section */
		FCD2C6C42FDA689800253CE5 /* Sources */ = {
			isa = PBXSourcesBuildPhase;
			buildActionMask = 2147483647;
			files = (
				FCD2C6CE2FDA689800253CE5 /* ContentView.swift in Sources */,
				FCD2C6F62FDA68D800253CE5 /* RAMDownloadViewModel.swift in Sources */,
				FCD2C6CC2FDA689800253CE5 /* RAM_DownloaderApp.swift in Sources */,
			);
			runOnlyForDeploymentPostprocessing = 0;
		};
		FCD2C6D42FDA68A100253CE5 /* Sources */ = {
			isa = PBXSourcesBuildPhase;
			buildActionMask = 2147483647;
			files = (
			);
			runOnlyForDeploymentPostprocessing = 0;
		};
		FCD2C6DE2FDA68A200253CE5 /* Sources */ = {
			isa = PBXSourcesBuildPhase;
			buildActionMask = 2147483647;
			files = (
			);
			runOnlyForDeploymentPostprocessing = 0;
		};
/* End PBXSourcesBuildPhase section */

/* Begin PBXTargetDependency section */
		FCD2C6DA2FDA68A100253CE5 /* PBXTargetDependency */ = {
			isa = PBXTargetDependency;
			target = FCD2C6C72FDA689800253CE5 /* RAM Downloader */;
			targetProxy = FCD2C6D92FDA68A100253CE5 /* PBXContainerItemProxy */;
		};
		FCD2C6E42FDA68A200253CE5 /* PBXTargetDependency */ = {
			isa = PBXTargetDependency;
			target = FCD2C6C72FDA689800253CE5 /* RAM Downloader */;
			targetProxy = FCD2C6E32FDA68A200253CE5 /* PBXContainerItemProxy */;
		};
/* End PBXTargetDependency section */

/* Begin XCBuildConfiguration section */
		FCD2C6EA2FDA68A200253CE5 /* Debug */ = {
			isa = XCBuildConfiguration;
			buildSettings = {
				ALWAYS_SEARCH_USER_PATHS = NO;
				CLANG_ANALYZER_NONNULL = YES;
				CLANG_ANALYZER_NUMBER_OBJECT_CONVERSION = YES_AGGRESSIVE;
				CLANG_CXX_LANGUAGE_STANDARD = "gnu++17";
				CLANG_CXX_LIBRARY = "libc++";
				CLANG_ENABLE_MODULES = YES;
				CLANG_ENABLE_OBJC_ARC = YES;
				CLANG_ENABLE_OBJC_WEAK = YES;
				CLANG_WARN_BLOCK_CAPTURE_AUTORELEASING = YES;
				CLANG_WARN_BOOL_CONVERSION = YES;
				CLANG_WARN_COMMA = YES;
				CLANG_WARN_CONSTANT_CONVERSION = YES;
				CLANG_WARN_DEPRECATED_OBJC_IMPLEMENTATIONS = YES;
				CLANG_WARN_DIRECT_OBJC_ISA_USAGE = YES_ERROR;
				CLANG_WARN_DOCUMENTATION_COMMENTS = YES;
				CLANG_WARN_EMPTY_BODY = YES;
				CLANG_WARN_ENUM_CONVERSION = YES;
				CLANG_WARN_INFINITE_RECURSION = YES;
				CLANG_WARN_INT_CONVERSION = YES;
				CLANG_WARN_NON_LITERAL_NULL_CONVERSION = YES;
				CLANG_WARN_OBJC_IMPLICIT_RETAIN_SELF = YES;
				CLANG_WARN_OBJC_LITERAL_CONVERSION = YES;
				CLANG_WARN_OBJC_ROOT_CLASS = YES_ERROR;
				CLANG_WARN_QUOTED_INCLUDE_IN_FRAMEWORK_HEADER = YES;
				CLANG_WARN_RANGE_LOOP_ANALYSIS = YES;
				CLANG_WARN_STRICT_PROTOTYPES = YES;
				CLANG_WARN_SUSPICIOUS_MOVE = YES;
				CLANG_WARN_UNGUARDED_AVAILABILITY = YES_AGGRESSIVE;
				CLANG_WARN_UNREACHABLE_CODE = YES;
				CLANG_WARN__DUPLICATE_METHOD_MATCH = YES;
				COPY_PHASE_STRIP = NO;
				DEBUG_INFORMATION_FORMAT = dwarf;
				ENABLE_STRICT_OBJC_MSGSEND = YES;
				ENABLE_TESTABILITY = YES;
				GCC_C_LANGUAGE_STANDARD = gnu11;
				GCC_DYNAMIC_NO_PIC = NO;
				GCC_NO_COMMON_BLOCKS = YES;
				GCC_OPTIMIZATION_LEVEL = 0;
				GCC_PREPROCESSOR_DEFINITIONS = (
					"DEBUG=1",
					"$(inherited)",
				);
				GCC_WARN_64_TO_32_BIT_CONVERSION = YES;
				GCC_WARN_ABOUT_RETURN_TYPE = YES_ERROR;
				GCC_WARN_UNDECLARED_SELECTOR = YES;
				GCC_WARN_UNINITIALIZED_AUTOS = YES_AGGRESSIVE;
				GCC_WARN_UNUSED_FUNCTION = YES;
				GCC_WARN_UNUSED_VARIABLE = YES;
				IPHONEOS_DEPLOYMENT_TARGET = 15.2;
				MTL_ENABLE_DEBUG_INFO = INCLUDE_SOURCE;
				MTL_FAST_MATH = YES;
				ONLY_ACTIVE_ARCH = YES;
				SDKROOT = iphoneos;
				SWIFT_ACTIVE_COMPILATION_CONDITIONS = DEBUG;
				SWIFT_OPTIMIZATION_LEVEL = "-Onone";
			};
			name = Debug;
		};
		FCD2C6EB2FDA68A200253CE5 /* Release */ = {
			isa = XCBuildConfiguration;
			buildSettings = {
				ALWAYS_SEARCH_USER_PATHS = NO;
				CLANG_ANALYZER_NONNULL = YES;
				CLANG_ANALYZER_NUMBER_OBJECT_CONVERSION = YES_AGGRESSIVE;
				CLANG_CXX_LANGUAGE_STANDARD = "gnu++17";
				CLANG_CXX_LIBRARY = "libc++";
				CLANG_ENABLE_MODULES = YES;
				CLANG_ENABLE_OBJC_ARC = YES;
				CLANG_ENABLE_OBJC_WEAK = YES;
				CLANG_WARN_BLOCK_CAPTURE_AUTORELEASING = YES;
				CLANG_WARN_BOOL_CONVERSION = YES;
				CLANG_WARN_COMMA = YES;
				CLANG_WARN_CONSTANT_CONVERSION = YES;
				CLANG_WARN_DEPRECATED_OBJC_IMPLEMENTATIONS = YES;
				CLANG_WARN_DIRECT_OBJC_ISA_USAGE = YES_ERROR;
				CLANG_WARN_DOCUMENTATION_COMMENTS = YES;
				CLANG_WARN_EMPTY_BODY = YES;
				CLANG_WARN_ENUM_CONVERSION = YES;
				CLANG_WARN_INFINITE_RECURSION = YES;
				CLANG_WARN_INT_CONVERSION = YES;
				CLANG_WARN_NON_LITERAL_NULL_CONVERSION = YES;
				CLANG_WARN_OBJC_IMPLICIT_RETAIN_SELF = YES;
				CLANG_WARN_OBJC_LITERAL_CONVERSION = YES;
				CLANG_WARN_OBJC_ROOT_CLASS = YES_ERROR;
				CLANG_WARN_QUOTED_INCLUDE_IN_FRAMEWORK_HEADER = YES;
				CLANG_WARN_RANGE_LOOP_ANALYSIS = YES;
				CLANG_WARN_STRICT_PROTOTYPES = YES;
				CLANG_WARN_SUSPICIOUS_MOVE = YES;
				CLANG_WARN_UNGUARDED_AVAILABILITY = YES_AGGRESSIVE;
				CLANG_WARN_UNREACHABLE_CODE = YES;
				CLANG_WARN__DUPLICATE_METHOD_MATCH = YES;
				COPY_PHASE_STRIP = NO;
				DEBUG_INFORMATION_FORMAT = "dwarf-with-dsym";
				ENABLE_NS_ASSERTIONS = NO;
				ENABLE_STRICT_OBJC_MSGSEND = YES;
				GCC_C_LANGUAGE_STANDARD = gnu11;
				GCC_NO_COMMON_BLOCKS = YES;
				GCC_WARN_64_TO_32_BIT_CONVERSION = YES;
				GCC_WARN_ABOUT_RETURN_TYPE = YES_ERROR;
				GCC_WARN_UNDECLARED_SELECTOR = YES;
				GCC_WARN_UNINITIALIZED_AUTOS = YES_AGGRESSIVE;
				GCC_WARN_UNUSED_FUNCTION = YES;
				GCC_WARN_UNUSED_VARIABLE = YES;
				IPHONEOS_DEPLOYMENT_TARGET = 15.2;
				MTL_ENABLE_DEBUG_INFO = NO;
				MTL_FAST_MATH = YES;
				SDKROOT = iphoneos;
				SWIFT_COMPILATION_MODE = wholemodule;
				SWIFT_OPTIMIZATION_LEVEL = "-O";
				VALIDATE_PRODUCT = YES;
			};
			name = Release;
		};
		FCD2C6ED2FDA68A200253CE5 /* Debug */ = {
			isa = XCBuildConfiguration;
			buildSettings = {
				ASSETCATALOG_COMPILER_APPICON_NAME = AppIcon;
				ASSETCATALOG_COMPILER_GLOBAL_ACCENT_COLOR_NAME = AccentColor;
				CODE_SIGN_STYLE = Automatic;
				CURRENT_PROJECT_VERSION = 1;
				DEVELOPMENT_ASSET_PATHS = "\"RAM Downloader/Preview Content\"";
				DEVELOPMENT_TEAM = K78Q43DUKU;
				ENABLE_PREVIEWS = YES;
				GENERATE_INFOPLIST_FILE = YES;
				INFOPLIST_KEY_UIApplicationSceneManifest_Generation = YES;
				INFOPLIST_KEY_UIApplicationSupportsIndirectInputEvents = YES;
				INFOPLIST_KEY_UILaunchScreen_Generation = YES;
				INFOPLIST_KEY_UISupportedInterfaceOrientations_iPad = "UIInterfaceOrientationPortrait UIInterfaceOrientationPortraitUpsideDown UIInterfaceOrientationLandscapeLeft UIInterfaceOrientationLandscapeRight";
				INFOPLIST_KEY_UISupportedInterfaceOrientations_iPhone = "UIInterfaceOrientationPortrait UIInterfaceOrientationLandscapeLeft UIInterfaceOrientationLandscapeRight";
				LD_RUNPATH_SEARCH_PATHS = (
					"$(inherited)",
					"@executable_path/Frameworks",
				);
				MARKETING_VERSION = 1.0;
				PRODUCT_BUNDLE_IDENTIFIER = "org.bitetheapple.RAM-Downloader";
				PRODUCT_NAME = "$(TARGET_NAME)";
				SWIFT_EMIT_LOC_STRINGS = YES;
				SWIFT_VERSION = 5.0;
				TARGETED_DEVICE_FAMILY = "1,2";
			};
			name = Debug;
		};
		FCD2C6EE2FDA68A200253CE5 /* Release */ = {
			isa = XCBuildConfiguration;
			buildSettings = {
				ASSETCATALOG_COMPILER_APPICON_NAME = AppIcon;
				ASSETCATALOG_COMPILER_GLOBAL_ACCENT_COLOR_NAME = AccentColor;
				CODE_SIGN_STYLE = Automatic;
				CURRENT_PROJECT_VERSION = 1;
				DEVELOPMENT_ASSET_PATHS = "\"RAM Downloader/Preview Content\"";
				DEVELOPMENT_TEAM = K78Q43DUKU;
				ENABLE_PREVIEWS = YES;
				GENERATE_INFOPLIST_FILE = YES;
				INFOPLIST_KEY_UIApplicationSceneManifest_Generation = YES;
				INFOPLIST_KEY_UIApplicationSupportsIndirectInputEvents = YES;
				INFOPLIST_KEY_UILaunchScreen_Generation = YES;
				INFOPLIST_KEY_UISupportedInterfaceOrientations_iPad = "UIInterfaceOrientationPortrait UIInterfaceOrientationPortraitUpsideDown UIInterfaceOrientationLandscapeLeft UIInterfaceOrientationLandscapeRight";
				INFOPLIST_KEY_UISupportedInterfaceOrientations_iPhone = "UIInterfaceOrientationPortrait UIInterfaceOrientationLandscapeLeft UIInterfaceOrientationLandscapeRight";
				LD_RUNPATH_SEARCH_PATHS = (
					"$(inherited)",
					"@executable_path/Frameworks",
				);
				MARKETING_VERSION = 1.0;
				PRODUCT_BUNDLE_IDENTIFIER = "org.bitetheapple.RAM-Downloader";
				PRODUCT_NAME = "$(TARGET_NAME)";
				SWIFT_EMIT_LOC_STRINGS = YES;
				SWIFT_VERSION = 5.0;
				TARGETED_DEVICE_FAMILY = "1,2";
			};
			name = Release;
		};
		FCD2C6F02FDA68A200253CE5 /* Debug */ = {
			isa = XCBuildConfiguration;
			buildSettings = {
				ALWAYS_EMBED_SWIFT_STANDARD_LIBRARIES = YES;
				BUNDLE_LOADER = "$(TEST_HOST)";
				CODE_SIGN_STYLE = Automatic;
				CURRENT_PROJECT_VERSION = 1;
				DEVELOPMENT_TEAM = K78Q43DUKU;
				GENERATE_INFOPLIST_FILE = YES;
				IPHONEOS_DEPLOYMENT_TARGET = 15.2;
				MARKETING_VERSION = 1.0;
				PRODUCT_BUNDLE_IDENTIFIER = "org.bitetheapple.RAM-DownloaderTests";
				PRODUCT_NAME = "$(TARGET_NAME)";
				SWIFT_EMIT_LOC_STRINGS = NO;
				SWIFT_VERSION = 5.0;
				TARGETED_DEVICE_FAMILY = "1,2";
				TEST_HOST = "$(BUILT_PRODUCTS_DIR)/RAM Downloader.app/RAM Downloader";
			};
			name = Debug;
		};
		FCD2C6F12FDA68A200253CE5 /* Release */ = {
			isa = XCBuildConfiguration;
			buildSettings = {
				ALWAYS_EMBED_SWIFT_STANDARD_LIBRARIES = YES;
				BUNDLE_LOADER = "$(TEST_HOST)";
				CODE_SIGN_STYLE = Automatic;
				CURRENT_PROJECT_VERSION = 1;
				DEVELOPMENT_TEAM = K78Q43DUKU;
				GENERATE_INFOPLIST_FILE = YES;
				IPHONEOS_DEPLOYMENT_TARGET = 15.2;
				MARKETING_VERSION = 1.0;
				PRODUCT_BUNDLE_IDENTIFIER = "org.bitetheapple.RAM-DownloaderTests";
				PRODUCT_NAME = "$(TARGET_NAME)";
				SWIFT_EMIT_LOC_STRINGS = NO;
				SWIFT_VERSION = 5.0;
				TARGETED_DEVICE_FAMILY = "1,2";
				TEST_HOST = "$(BUILT_PRODUCTS_DIR)/RAM Downloader.app/RAM Downloader";
			};
			name = Release;
		};
		FCD2C6F32FDA68A200253CE5 /* Debug */ = {
			isa = XCBuildConfiguration;
			buildSettings = {
				ALWAYS_EMBED_SWIFT_STANDARD_LIBRARIES = YES;
				CODE_SIGN_STYLE = Automatic;
				CURRENT_PROJECT_VERSION = 1;
				DEVELOPMENT_TEAM = K78Q43DUKU;
				GENERATE_INFOPLIST_FILE = YES;
				MARKETING_VERSION = 1.0;
				PRODUCT_BUNDLE_IDENTIFIER = "org.bitetheapple.RAM-DownloaderUITests";
				PRODUCT_NAME = "$(TARGET_NAME)";
				SWIFT_EMIT_LOC_STRINGS = NO;
				SWIFT_VERSION = 5.0;
				TARGETED_DEVICE_FAMILY = "1,2";
				TEST_TARGET_NAME = "RAM Downloader";
			};
			name = Debug;
		};
		FCD2C6F42FDA68A200253CE5 /* Release */ = {
			isa = XCBuildConfiguration;
			buildSettings = {
				ALWAYS_EMBED_SWIFT_STANDARD_LIBRARIES = YES;
				CODE_SIGN_STYLE = Automatic;
				CURRENT_PROJECT_VERSION = 1;
				DEVELOPMENT_TEAM = K78Q43DUKU;
				GENERATE_INFOPLIST_FILE = YES;
				MARKETING_VERSION = 1.0;
				PRODUCT_BUNDLE_IDENTIFIER = "org.bitetheapple.RAM-DownloaderUITests";
				PRODUCT_NAME = "$(TARGET_NAME)";
				SWIFT_EMIT_LOC_STRINGS = NO;
				SWIFT_VERSION = 5.0;
				TARGETED_DEVICE_FAMILY = "1,2";
				TEST_TARGET_NAME = "RAM Downloader";
			};
			name = Release;
		};
/* End XCBuildConfiguration section */

/* Begin XCConfigurationList section */
		FCD2C6C32FDA689800253CE5 /* Build configuration list for PBXProject "RAM Downloader" */ = {
			isa = XCConfigurationList;
			buildConfigurations = (
				FCD2C6EA2FDA68A200253CE5 /* Debug */,
				FCD2C6EB2FDA68A200253CE5 /* Release */,
			);
			defaultConfigurationIsVisible = 0;
			defaultConfigurationName = Release;
		};
		FCD2C6EC2FDA68A200253CE5 /* Build configuration list for PBXNativeTarget "RAM Downloader" */ = {
			isa = XCConfigurationList;
			buildConfigurations = (
				FCD2C6ED2FDA68A200253CE5 /* Debug */,
				FCD2C6EE2FDA68A200253CE5 /* Release */,
			);
			defaultConfigurationIsVisible = 0;
			defaultConfigurationName = Release;
		};
		FCD2C6EF2FDA68A200253CE5 /* Build configuration list for PBXNativeTarget "RAM DownloaderTests" */ = {
			isa = XCConfigurationList;
			buildConfigurations = (
				FCD2C6F02FDA68A200253CE5 /* Debug */,
				FCD2C6F12FDA68A200253CE5 /* Release */,
			);
			defaultConfigurationIsVisible = 0;
			defaultConfigurationName = Release;
		};
		FCD2C6F22FDA68A200253CE5 /* Build configuration list for PBXNativeTarget "RAM DownloaderUITests" */ = {
			isa = XCConfigurationList;
			buildConfigurations = (
				FCD2C6F32FDA68A200253CE5 /* Debug */,
				FCD2C6F42FDA68A200253CE5 /* Release */,
			);
			defaultConfigurationIsVisible = 0;
			defaultConfigurationName = Release;
		};
/* End XCConfigurationList section */
	};
	rootObject = FCD2C6C02FDA689800253CE5 /* Project object */;
}
